
Microsoft Visual Studio Solution File, Format Version 12.00
# Visual Studio 15
VisualStudioVersion = 15.0.27130.2003
MinimumVisualStudioVersion = 10.0.40219.1
Project("{FAE04EC0-301F-11D3-BF4B-00C04F79EFBC}") = "PruebaSFS", "PruebaSFS\PruebaSFS.csproj", "{3E101CB3-37F8-40C2-99C9-A94B2B1476BA}"
EndProject
Global
	GlobalSection(SolutionConfigurationPlatforms) = preSolution
		Debug|Any CPU = Debug|Any CPU
		Release|Any CPU = Release|Any CPU
	EndGlobalSection
	GlobalSection(ProjectConfigurationPlatforms) = postSolution
		{3E101CB3-37F8-40C2-99C9-A94B2B1476BA}.Debug|Any CPU.ActiveCfg = Debug|Any CPU
		{3E101CB3-37F8-40C2-99C9-A94B2B1476BA}.Debug|Any CPU.Build.0 = Debug|Any CPU
		{3E101CB3-37F8-40C2-99C9-A94B2B1476BA}.Release|Any CPU.ActiveCfg = Release|Any CPU
		{3E101CB3-37F8-40C2-99C9-A94B2B1476BA}.Release|Any CPU.Build.0 = Release|Any CPU
	EndGlobalSection
	GlobalSection(SolutionProperties) = preSolution
		HideSolutionNode = FALSE
	EndGlobalSection
	GlobalSection(ExtensibilityGlobals) = postSolution
		SolutionGuid = {6B625549-99F7-46FA-98CE-45FF6812F325}
	EndGlobalSection
EndGlobal
